PODS:
  - Flutter (1.0.0)
  - releep_watch_connect (0.0.1):
    - Flutter
    - SwiftyJSON
  - SwiftyJSON (5.0.1)

DEPENDENCIES:
  - Flutter (from `Flutter`)
  - releep_watch_connect (from `.symlinks/plugins/releep_watch_connect/ios`)

SPEC REPOS:
  trunk:
    - SwiftyJSON

EXTERNAL SOURCES:
  Flutter:
    :path: Flutter
  releep_watch_connect:
    :path: ".symlinks/plugins/releep_watch_connect/ios"

SPEC CHECKSUMS:
  Flutter: 50d75fe2f02b26cc09d224853bb45737f8b3214a
  releep_watch_connect: 08bc894053aaa000ed8c0da99d8082f17f6e1f74
  SwiftyJSON: 2f33a42c6fbc52764d96f13368585094bfd8aa5e

PODFILE CHECKSUM: 53026eaf67b63baa2e316e457f9701dbdf33f41a

COCOAPODS: 1.12.1
