PODS:
  - Flutter (1.0.0)
  - releep_watch_connect (0.0.9):
    - Flutter
    - SwiftyJSON
  - SwiftyJSON (5.0.1)

DEPENDENCIES:
  - Flutter (from `Flutter`)
  - releep_watch_connect (from `.symlinks/plugins/releep_watch_connect/ios`)

SPEC REPOS:
  trunk:
    - SwiftyJSON

EXTERNAL SOURCES:
  Flutter:
    :path: Flutter
  releep_watch_connect:
    :path: ".symlinks/plugins/releep_watch_connect/ios"

SPEC CHECKSUMS:
  Flutter: e0871f40cf51350855a761d2e70bf5af5b9b5de7
  releep_watch_connect: 25ad5ce9f16630e7bb027200f5fdd72af3791e0d
  SwiftyJSON: 2f33a42c6fbc52764d96f13368585094bfd8aa5e

PODFILE CHECKSUM: 0fdd1e0279c6250b483606c4b727a95814a6beed

COCOAPODS: 1.15.2
